
Microsoft Visual Studio Solution File, Format Version 12.00
# Visual Studio Version 16
VisualStudioVersion = 16.0.32002.261
MinimumVisualStudioVersion = 10.0.40219.1
Project("{FAE04EC0-301F-11D3-BF4B-00C04F79EFBC}") = "ComicBookGallery", "ComicBookGallery.csproj", "{50C6F962-A0F5-4DE2-889C-20CA0EDB1CF2}"
EndProject
Global
	GlobalSection(SolutionConfigurationPlatforms) = preSolution
		Debug|Any CPU = Debug|Any CPU
		Release|Any CPU = Release|Any CPU
	EndGlobalSection
	GlobalSection(ProjectConfigurationPlatforms) = postSolution
		{50C6F962-A0F5-4DE2-889C-20CA0EDB1CF2}.Debug|Any CPU.ActiveCfg = Debug|Any CPU
		{50C6F962-A0F5-4DE2-889C-20CA0EDB1CF2}.Debug|Any CPU.Build.0 = Debug|Any CPU
		{50C6F962-A0F5-4DE2-889C-20CA0EDB1CF2}.Release|Any CPU.ActiveCfg = Release|Any CPU
		{50C6F962-A0F5-4DE2-889C-20CA0EDB1CF2}.Release|Any CPU.Build.0 = Release|Any CPU
	EndGlobalSection
	GlobalSection(SolutionProperties) = preSolution
		HideSolutionNode = FALSE
	EndGlobalSection
	GlobalSection(ExtensibilityGlobals) = postSolution
		SolutionGuid = {AA9DEF35-4A35-4F4E-BA06-21A58AB4925A}
	EndGlobalSection
EndGlobal
